<?xml version="1.0" encoding="utf-8"?>
<Project ToolsVersion="4.0" xmlns="http://schemas.microsoft.com/developer/msbuild/2003">
  <ItemGroup>
    <Filter Include="Source Files">
      <UniqueIdentifier>{4FC737F1-C7A5-4376-A066-2A32D752A2FF}</UniqueIdentifier>
      <Extensions>cpp;c;cc;cxx;c++;cppm;ixx;def;odl;idl;hpj;bat;asm;asmx</Extensions>
    </Filter>
    <Filter Include="Header Files">
      <UniqueIdentifier>{93995380-89BD-4b04-88EB-625FBE52EBFB}</UniqueIdentifier>
      <Extensions>h;hh;hpp;hxx;h++;hm;inl;inc;ipp;xsd</Extensions>
    </Filter>
    <Filter Include="Resource Files">
      <UniqueIdentifier>{67DA6AB6-F800-4c08-8B7A-83BB121AAD01}</UniqueIdentifier>
      <Extensions>rc;ico;cur;bmp;dlg;rc2;rct;bin;rgs;gif;jpg;jpeg;jpe;resx;tiff;tif;png;wav;mfcribbon-ms</Extensions>
    </Filter>
    <Filter Include="Header Files\SFML">
      <UniqueIdentifier>{03cde534-64d2-4ee9-ad8b-31507d040413}</UniqueIdentifier>
    </Filter>
    <Filter Include="Header Files\SFML\States">
      <UniqueIdentifier>{cd767003-7f9d-4fbb-9caf-679fd3447bce}</UniqueIdentifier>
    </Filter>
    <Filter Include="Source Files\SFML">
      <UniqueIdentifier>{35f8ed79-c19e-49eb-94ec-1f6c035dc7af}</UniqueIdentifier>
    </Filter>
    <Filter Include="Source Files\SFML\States">
      <UniqueIdentifier>{03035516-0e53-4c7d-980a-8fba33831220}</UniqueIdentifier>
    </Filter>
  </ItemGroup>
  <ItemGroup>
    <ClInclude Include="Grid.h">
      <Filter>Header Files</Filter>
    </ClInclude>
    <ClInclude Include="Board.h">
      <Filter>Header Files</Filter>
    </ClInclude>
    <ClInclude Include="Vector2i.h">
      <Filter>Header Files</Filter>
    </ClInclude>
    <ClInclude Include="MainMenuState.h">
      <Filter>Header Files\SFML\States</Filter>
    </ClInclude>
    <ClInclude Include="DeltaTimer.h">
      <Filter>Header Files</Filter>
    </ClInclude>
    <ClInclude Include="State.h">
      <Filter>Header Files\SFML\States</Filter>
    </ClInclude>
    <ClInclude Include="StateManager.h">
      <Filter>Header Files\SFML\States</Filter>
    </ClInclude>
    <ClInclude Include="GameSampleState.h">
      <Filter>Header Files\SFML\States</Filter>
    </ClInclude>
    <ClInclude Include="Button.h">
      <Filter>Header Files\SFML</Filter>
    </ClInclude>
    <ClInclude Include="Constants.h">
      <Filter>Header Files\SFML</Filter>
    </ClInclude>
    <ClInclude Include="Resources.h">
      <Filter>Header Files\SFML</Filter>
    </ClInclude>
    <ClInclude Include="ReversiSFML.h">
      <Filter>Header Files\SFML</Filter>
    </ClInclude>
    <ClInclude Include="Discs.h">
      <Filter>Header Files\SFML</Filter>
    </ClInclude>
    <ClInclude Include="ToggleButton.h">
      <Filter>Header Files\SFML</Filter>
    </ClInclude>
    <ClInclude Include="MusicEngine.h">
      <Filter>Header Files\SFML</Filter>
    </ClInclude>
    <ClInclude Include="Fader.h">
      <Filter>Header Files</Filter>
    </ClInclude>
    <ClInclude Include="Player.h">
      <Filter>Header Files</Filter>
    </ClInclude>
    <ClInclude Include="AiAgent.h">
      <Filter>Header Files</Filter>
    </ClInclude>
    <ClInclude Include="Node.h">
      <Filter>Header Files</Filter>
    </ClInclude>
    <ClInclude Include="NormalForm.h">
      <Filter>Header Files</Filter>
    </ClInclude>
    <ClInclude Include="PlayerManager.h">
      <Filter>Header Files</Filter>
    </ClInclude>
    <ClInclude Include="SelectionState.h">
      <Filter>Header Files\SFML\States</Filter>
    </ClInclude>
    <ClInclude Include="Utility.h">
      <Filter>Header Files</Filter>
    </ClInclude>
    <ClInclude Include="ProfileState.h">
      <Filter>Header Files\SFML\States</Filter>
    </ClInclude>
    <ClInclude Include="User.h">
      <Filter>Header Files</Filter>
    </ClInclude>
    <ClInclude Include="Timer.h">
      <Filter>Header Files</Filter>
    </ClInclude>
    <ClInclude Include="PayoffMultipliers.h">
      <Filter>Header Files</Filter>
    </ClInclude>
  </ItemGroup>
  <ItemGroup>
    <ClCompile Include="Grid.cpp">
      <Filter>Source Files</Filter>
    </ClCompile>
    <ClCompile Include="Vector2i.cpp">
      <Filter>Source Files</Filter>
    </ClCompile>
    <ClCompile Include="ExampleBoard01.cpp">
      <Filter>Source Files</Filter>
    </ClCompile>
    <ClCompile Include="Main.cpp">
      <Filter>Source Files</Filter>
    </ClCompile>
    <ClCompile Include="MainMenuState.cpp">
      <Filter>Source Files\SFML\States</Filter>
    </ClCompile>
    <ClCompile Include="DeltaTimer.cpp">
      <Filter>Source Files</Filter>
    </ClCompile>
    <ClCompile Include="State.cpp">
      <Filter>Source Files\SFML\States</Filter>
    </ClCompile>
    <ClCompile Include="StateManager.cpp">
      <Filter>Source Files\SFML\States</Filter>
    </ClCompile>
    <ClCompile Include="GameSampleState.cpp">
      <Filter>Source Files\SFML\States</Filter>
    </ClCompile>
    <ClCompile Include="Button.cpp">
      <Filter>Source Files\SFML</Filter>
    </ClCompile>
    <ClCompile Include="Resources.cpp">
      <Filter>Source Files\SFML</Filter>
    </ClCompile>
    <ClCompile Include="ReversiSFML.cpp">
      <Filter>Source Files\SFML</Filter>
    </ClCompile>
    <ClCompile Include="Board.cpp">
      <Filter>Source Files</Filter>
    </ClCompile>
    <ClCompile Include="Discs.cpp">
      <Filter>Source Files\SFML</Filter>
    </ClCompile>
    <ClCompile Include="ToggleButton.cpp">
      <Filter>Source Files\SFML</Filter>
    </ClCompile>
    <ClCompile Include="MusicEngine.cpp">
      <Filter>Source Files\SFML</Filter>
    </ClCompile>
    <ClCompile Include="Fader.cpp">
      <Filter>Source Files</Filter>
    </ClCompile>
    <ClCompile Include="Player.cpp">
      <Filter>Source Files</Filter>
    </ClCompile>
    <ClCompile Include="AiAgent.cpp">
      <Filter>Source Files</Filter>
    </ClCompile>
    <ClCompile Include="Node.cpp">
      <Filter>Source Files</Filter>
    </ClCompile>
    <ClCompile Include="NormalForm.cpp">
      <Filter>Source Files</Filter>
    </ClCompile>
    <ClCompile Include="PlayerManager.cpp">
      <Filter>Source Files</Filter>
    </ClCompile>
    <ClCompile Include="SelectionState.cpp">
      <Filter>Source Files\SFML\States</Filter>
    </ClCompile>
    <ClCompile Include="Utility.cpp">
      <Filter>Source Files</Filter>
    </ClCompile>
    <ClCompile Include="ProfileState.cpp">
      <Filter>Source Files\SFML\States</Filter>
    </ClCompile>
    <ClCompile Include="Timer.cpp">
      <Filter>Source Files</Filter>
    </ClCompile>
    <ClCompile Include="ExampleBoard02.cpp">
      <Filter>Source Files</Filter>
    </ClCompile>
    <ClCompile Include="PayoffMultipliers.cpp">
      <Filter>Source Files</Filter>
    </ClCompile>
    <ClCompile Include="ExampleBoard3.cpp">
      <Filter>Source Files</Filter>
    </ClCompile>
  </ItemGroup>
</Project>